
Microsoft Visual Studio Solution File, Format Version 12.00
# Visual Studio Version 16
VisualStudioVersion = 16.0.31613.86
MinimumVisualStudioVersion = 10.0.40219.1
Project("{FAE04EC0-301F-11D3-BF4B-00C04F79EFBC}") = "CoravelPlay", "CoravelPlay\CoravelPlay.csproj", "{EFEA3562-504B-4FBF-A799-0354B9D28215}"
EndProject
Global
	GlobalSection(SolutionConfigurationPlatforms) = preSolution
		Debug|Any CPU = Debug|Any CPU
		Release|Any CPU = Release|Any CPU
	EndGlobalSection
	GlobalSection(ProjectConfigurationPlatforms) = postSolution
		{EFEA3562-504B-4FBF-A799-0354B9D28215}.Debug|Any CPU.ActiveCfg = Debug|Any CPU
		{EFEA3562-504B-4FBF-A799-0354B9D28215}.Debug|Any CPU.Build.0 = Debug|Any CPU
		{EFEA3562-504B-4FBF-A799-0354B9D28215}.Release|Any CPU.ActiveCfg = Release|Any CPU
		{EFEA3562-504B-4FBF-A799-0354B9D28215}.Release|Any CPU.Build.0 = Release|Any CPU
	EndGlobalSection
	GlobalSection(SolutionProperties) = preSolution
		HideSolutionNode = FALSE
	EndGlobalSection
	GlobalSection(ExtensibilityGlobals) = postSolution
		SolutionGuid = {F7416259-AB89-4822-A6BE-8007BFB06792}
	EndGlobalSection
EndGlobal
